<?xml version="1.0" encoding="utf-8"?>
<Project ToolsVersion="4.0" xmlns="http://schemas.microsoft.com/developer/msbuild/2003">
  <ItemGroup>
    <Filter Include="Resource Files">
      <UniqueIdentifier>{67DA6AB6-F800-4c08-8B7A-83BB121AAD01}</UniqueIdentifier>
      <Extensions>rc;ico;cur;bmp;dlg;rc2;rct;bin;rgs;gif;jpg;jpeg;jpe;resx;tiff;tif;png;wav;mfcribbon-ms</Extensions>
    </Filter>
    <Filter Include="Actions">
      <UniqueIdentifier>{42f477ea-d0b0-431b-ab23-b29b59716fcb}</UniqueIdentifier>
    </Filter>
    <Filter Include="Components">
      <UniqueIdentifier>{2149bc94-c367-4a26-936d-0e6bf9224e96}</UniqueIdentifier>
    </Filter>
    <Filter Include="UI">
      <UniqueIdentifier>{d32f84dc-85c5-49ce-b922-05e7b6645396}</UniqueIdentifier>
    </Filter>
    <Filter Include="CMUgrahpics Library">
      <UniqueIdentifier>{93995380-89BD-4b04-88EB-625FBE52EBFB}</UniqueIdentifier>
      <Extensions>h;hpp;hxx;hm;inl;inc;xsd</Extensions>
    </Filter>
  </ItemGroup>
  <ItemGroup>
    <ClInclude Include="CMUgraphicsLib\auxil.h">
      <Filter>CMUgrahpics Library</Filter>
    </ClInclude>
    <ClInclude Include="CMUgraphicsLib\CMUgraphics.h">
      <Filter>CMUgrahpics Library</Filter>
    </ClInclude>
    <ClInclude Include="CMUgraphicsLib\colors.h">
      <Filter>CMUgrahpics Library</Filter>
    </ClInclude>
    <ClInclude Include="CMUgraphicsLib\error.h">
      <Filter>CMUgrahpics Library</Filter>
    </ClInclude>
    <ClInclude Include="CMUgraphicsLib\image.h">
      <Filter>CMUgrahpics Library</Filter>
    </ClInclude>
    <ClInclude Include="CMUgraphicsLib\jpeg\jconfig.h">
      <Filter>CMUgrahpics Library</Filter>
    </ClInclude>
    <ClInclude Include="CMUgraphicsLib\jpeg\jdct.h">
      <Filter>CMUgrahpics Library</Filter>
    </ClInclude>
    <ClInclude Include="CMUgraphicsLib\jpeg\jdhuff.h">
      <Filter>CMUgrahpics Library</Filter>
    </ClInclude>
    <ClInclude Include="CMUgraphicsLib\jpeg\jerror.h">
      <Filter>CMUgrahpics Library</Filter>
    </ClInclude>
    <ClInclude Include="CMUgraphicsLib\jpeg\jinclude.h">
      <Filter>CMUgrahpics Library</Filter>
    </ClInclude>
    <ClInclude Include="CMUgraphicsLib\jpeg\jmemsys.h">
      <Filter>CMUgrahpics Library</Filter>
    </ClInclude>
    <ClInclude Include="CMUgraphicsLib\jpeg\jmorecfg.h">
      <Filter>CMUgrahpics Library</Filter>
    </ClInclude>
    <ClInclude Include="CMUgraphicsLib\jpeg\jpegint.h">
      <Filter>CMUgrahpics Library</Filter>
    </ClInclude>
    <ClInclude Include="CMUgraphicsLib\jpeg\jpeglib.h">
      <Filter>CMUgrahpics Library</Filter>
    </ClInclude>
    <ClInclude Include="CMUgraphicsLib\jpeg\jversion.h">
      <Filter>CMUgrahpics Library</Filter>
    </ClInclude>
    <ClInclude Include="CMUgraphicsLib\jpegload.h">
      <Filter>CMUgrahpics Library</Filter>
    </ClInclude>
    <ClInclude Include="CMUgraphicsLib\keyqueue.h">
      <Filter>CMUgrahpics Library</Filter>
    </ClInclude>
    <ClInclude Include="CMUgraphicsLib\mousequeue.h">
      <Filter>CMUgrahpics Library</Filter>
    </ClInclude>
    <ClInclude Include="CMUgraphicsLib\version.h">
      <Filter>CMUgrahpics Library</Filter>
    </ClInclude>
    <ClInclude Include="CMUgraphicsLib\windowinput.h">
      <Filter>CMUgrahpics Library</Filter>
    </ClInclude>
    <ClInclude Include="Components\Gate.h">
      <Filter>Components</Filter>
    </ClInclude>
    <ClInclude Include="Components\AND2.h">
      <Filter>Components</Filter>
    </ClInclude>
    <ClInclude Include="Components\InputPin.h">
      <Filter>Components</Filter>
    </ClInclude>
    <ClInclude Include="Components\Pin.h">
      <Filter>Components</Filter>
    </ClInclude>
    <ClInclude Include="Components\OutputPin.h">
      <Filter>Components</Filter>
    </ClInclude>
    <ClInclude Include="Defs.H" />
    <ClInclude Include="Components\Connection.h">
      <Filter>Components</Filter>
    </ClInclude>
    <ClInclude Include="Actions\Action.h">
      <Filter>Actions</Filter>
    </ClInclude>
    <ClInclude Include="Actions\AddANDgate2.h">
      <Filter>Actions</Filter>
    </ClInclude>
    <ClInclude Include="ApplicationManager.h" />
    <ClInclude Include="UI\UI.h">
      <Filter>UI</Filter>
    </ClInclude>
    <ClInclude Include="Actions\AddBUFF1.h">
      <Filter>Actions</Filter>
    </ClInclude>
    <ClInclude Include="Actions\AddINV1.h">
      <Filter>Actions</Filter>
    </ClInclude>
    <ClInclude Include="Actions\AddLed.h">
      <Filter>Actions</Filter>
    </ClInclude>
    <ClInclude Include="Actions\AddNANDgate2.h">
      <Filter>Actions</Filter>
    </ClInclude>
    <ClInclude Include="Actions\AddNORgate2.h">
      <Filter>Actions</Filter>
    </ClInclude>
    <ClInclude Include="Actions\AddORgate2.h">
      <Filter>Actions</Filter>
    </ClInclude>
    <ClInclude Include="Actions\AddSwitch.h">
      <Filter>Actions</Filter>
    </ClInclude>
    <ClInclude Include="Actions\AddXNORgate2.h">
      <Filter>Actions</Filter>
    </ClInclude>
    <ClInclude Include="Actions\AddXORgate2.h">
      <Filter>Actions</Filter>
    </ClInclude>
    <ClInclude Include="Actions\Load.h">
      <Filter>Actions</Filter>
    </ClInclude>
    <ClInclude Include="Components\BUFF1.h">
      <Filter>Components</Filter>
    </ClInclude>
    <ClInclude Include="Components\INV1.h">
      <Filter>Components</Filter>
    </ClInclude>
    <ClInclude Include="Components\Led.h">
      <Filter>Components</Filter>
    </ClInclude>
    <ClInclude Include="Components\NAND2.h">
      <Filter>Components</Filter>
    </ClInclude>
    <ClInclude Include="Components\NOR2.h">
      <Filter>Components</Filter>
    </ClInclude>
    <ClInclude Include="Components\OR2.h">
      <Filter>Components</Filter>
    </ClInclude>
    <ClInclude Include="Components\Switch.h">
      <Filter>Components</Filter>
    </ClInclude>
    <ClInclude Include="Components\XNOR2.h">
      <Filter>Components</Filter>
    </ClInclude>
    <ClInclude Include="Components\XOR2.h">
      <Filter>Components</Filter>
    </ClInclude>
    <ClInclude Include="Actions\AddConnection.h">
      <Filter>Actions</Filter>
    </ClInclude>
    <ClInclude Include="Save.h">
      <Filter>CMUgrahpics Library</Filter>
    </ClInclude>
    <ClInclude Include="Actions\Save.h">
      <Filter>Actions</Filter>
    </ClInclude>
    <ClInclude Include="AddLabel.h">
      <Filter>CMUgrahpics Library</Filter>
    </ClInclude>
    <ClInclude Include="Actions\ActionSelect.h">
      <Filter>Actions</Filter>
    </ClInclude>
    <ClInclude Include="Actions\EditLabel.h">
      <Filter>Actions</Filter>
    </ClInclude>
    <ClInclude Include="Actions\ActionExit.h">
      <Filter>Actions</Filter>
    </ClInclude>
    <ClInclude Include="Copy.h">
      <Filter>CMUgrahpics Library</Filter>
    </ClInclude>
    <ClInclude Include="Actions\ActionCopy.h">
      <Filter>Actions</Filter>
    </ClInclude>
    <ClInclude Include="ActionCut.h">
      <Filter>CMUgrahpics Library</Filter>
    </ClInclude>
    <ClInclude Include="Actions\ActionCut.h">
      <Filter>Actions</Filter>
    </ClInclude>
    <ClInclude Include="ActionPaste.h">
      <Filter>CMUgrahpics Library</Filter>
    </ClInclude>
    <ClInclude Include="Actions\ActionPaste.h">
      <Filter>Actions</Filter>
    </ClInclude>
    <ClInclude Include="ActionSimulate.h">
      <Filter>CMUgrahpics Library</Filter>
    </ClInclude>
    <ClInclude Include="Actions\ActionDelete.h">
      <Filter>Actions</Filter>
    </ClInclude>
    <ClInclude Include="Actions\ActionMove.h">
      <Filter>Actions</Filter>
    </ClInclude>
    <ClInclude Include="Actions\ActionMultibleSelect.h">
      <Filter>Actions</Filter>
    </ClInclude>
    <ClInclude Include="Components\Component.h">
      <Filter>Components</Filter>
    </ClInclude>
    <ClInclude Include="Actions\SelectConnection.h">
      <Filter>Actions</Filter>
    </ClInclude>
    <ClInclude Include="Actions\RunSimulation.h">
      <Filter>Actions</Filter>
    </ClInclude>
    <ClInclude Include="Actions\SwitchModes.h">
      <Filter>Actions</Filter>
    </ClInclude>
    <ClInclude Include="Actions\Truth.h">
      <Filter>Actions</Filter>
    </ClInclude>
    <ClInclude Include="Actions\ActionSwitch.h">
      <Filter>Actions</Filter>
    </ClInclude>
    <ClInclude Include="Actions\AddModule.h">
      <Filter>Actions</Filter>
    </ClInclude>
    <ClInclude Include="Components\Module.h">
      <Filter>Components</Filter>
    </ClInclude>
  </ItemGroup>
  <ItemGroup>
    <ClCompile Include="Components\AND2.cpp">
      <Filter>Components</Filter>
    </ClCompile>
    <ClCompile Include="Actions\AddANDgate2.cpp">
      <Filter>Actions</Filter>
    </ClCompile>
    <ClCompile Include="CMUgraphicsLib\auxil.cpp">
      <Filter>CMUgrahpics Library</Filter>
    </ClCompile>
    <ClCompile Include="CMUgraphicsLib\CMUgraphics.cpp">
      <Filter>CMUgrahpics Library</Filter>
    </ClCompile>
    <ClCompile Include="CMUgraphicsLib\colors.cpp">
      <Filter>CMUgrahpics Library</Filter>
    </ClCompile>
    <ClCompile Include="CMUgraphicsLib\image.cpp">
      <Filter>CMUgrahpics Library</Filter>
    </ClCompile>
    <ClCompile Include="CMUgraphicsLib\jpeg\jcomapi.c">
      <Filter>CMUgrahpics Library</Filter>
    </ClCompile>
    <ClCompile Include="CMUgraphicsLib\jpeg\jcparam.c">
      <Filter>CMUgrahpics Library</Filter>
    </ClCompile>
    <ClCompile Include="Components\Component.cpp">
      <Filter>Components</Filter>
    </ClCompile>
    <ClCompile Include="Components\Connection.cpp">
      <Filter>Components</Filter>
    </ClCompile>
    <ClCompile Include="Components\Gate.cpp">
      <Filter>Components</Filter>
    </ClCompile>
    <ClCompile Include="Components\InputPin.cpp">
      <Filter>Components</Filter>
    </ClCompile>
    <ClCompile Include="ApplicationManager.cpp" />
    <ClCompile Include="CMUgraphicsLib\jpeg\jdapimin.c">
      <Filter>CMUgrahpics Library</Filter>
    </ClCompile>
    <ClCompile Include="CMUgraphicsLib\jpeg\jdapistd.c">
      <Filter>CMUgrahpics Library</Filter>
    </ClCompile>
    <ClCompile Include="CMUgraphicsLib\jpeg\jdatasrc.c">
      <Filter>CMUgrahpics Library</Filter>
    </ClCompile>
    <ClCompile Include="CMUgraphicsLib\jpeg\jdcoefct.c">
      <Filter>CMUgrahpics Library</Filter>
    </ClCompile>
    <ClCompile Include="CMUgraphicsLib\jpeg\jdcolor.c">
      <Filter>CMUgrahpics Library</Filter>
    </ClCompile>
    <ClCompile Include="CMUgraphicsLib\jpeg\jddctmgr.c">
      <Filter>CMUgrahpics Library</Filter>
    </ClCompile>
    <ClCompile Include="CMUgraphicsLib\jpeg\jdhuff.c">
      <Filter>CMUgrahpics Library</Filter>
    </ClCompile>
    <ClCompile Include="CMUgraphicsLib\jpeg\jdinput.c">
      <Filter>CMUgrahpics Library</Filter>
    </ClCompile>
    <ClCompile Include="CMUgraphicsLib\jpeg\jdmainct.c">
      <Filter>CMUgrahpics Library</Filter>
    </ClCompile>
    <ClCompile Include="CMUgraphicsLib\jpeg\jdmarker.c">
      <Filter>CMUgrahpics Library</Filter>
    </ClCompile>
    <ClCompile Include="CMUgraphicsLib\jpeg\jdmaster.c">
      <Filter>CMUgrahpics Library</Filter>
    </ClCompile>
    <ClCompile Include="CMUgraphicsLib\jpeg\jdmerge.c">
      <Filter>CMUgrahpics Library</Filter>
    </ClCompile>
    <ClCompile Include="CMUgraphicsLib\jpeg\jdphuff.c">
      <Filter>CMUgrahpics Library</Filter>
    </ClCompile>
    <ClCompile Include="CMUgraphicsLib\jpeg\jdpostct.c">
      <Filter>CMUgrahpics Library</Filter>
    </ClCompile>
    <ClCompile Include="CMUgraphicsLib\jpeg\jdsample.c">
      <Filter>CMUgrahpics Library</Filter>
    </ClCompile>
    <ClCompile Include="CMUgraphicsLib\jpeg\jdtrans.c">
      <Filter>CMUgrahpics Library</Filter>
    </ClCompile>
    <ClCompile Include="CMUgraphicsLib\jpeg\jerror.c">
      <Filter>CMUgrahpics Library</Filter>
    </ClCompile>
    <ClCompile Include="CMUgraphicsLib\jpeg\jidctflt.c">
      <Filter>CMUgrahpics Library</Filter>
    </ClCompile>
    <ClCompile Include="CMUgraphicsLib\jpeg\jidctfst.c">
      <Filter>CMUgrahpics Library</Filter>
    </ClCompile>
    <ClCompile Include="CMUgraphicsLib\jpeg\jidctint.c">
      <Filter>CMUgrahpics Library</Filter>
    </ClCompile>
    <ClCompile Include="CMUgraphicsLib\jpeg\jidctred.c">
      <Filter>CMUgrahpics Library</Filter>
    </ClCompile>
    <ClCompile Include="CMUgraphicsLib\jpeg\jmemmgr.c">
      <Filter>CMUgrahpics Library</Filter>
    </ClCompile>
    <ClCompile Include="CMUgraphicsLib\jpeg\jmemnobs.c">
      <Filter>CMUgrahpics Library</Filter>
    </ClCompile>
    <ClCompile Include="CMUgraphicsLib\jpegload.c">
      <Filter>CMUgrahpics Library</Filter>
    </ClCompile>
    <ClCompile Include="CMUgraphicsLib\jpeg\jquant1.c">
      <Filter>CMUgrahpics Library</Filter>
    </ClCompile>
    <ClCompile Include="CMUgraphicsLib\jpeg\jquant2.c">
      <Filter>CMUgrahpics Library</Filter>
    </ClCompile>
    <ClCompile Include="CMUgraphicsLib\jpeg\jutils.c">
      <Filter>CMUgrahpics Library</Filter>
    </ClCompile>
    <ClCompile Include="CMUgraphicsLib\keyqueue.cpp">
      <Filter>CMUgrahpics Library</Filter>
    </ClCompile>
    <ClCompile Include="CMUgraphicsLib\mousequeue.cpp">
      <Filter>CMUgrahpics Library</Filter>
    </ClCompile>
    <ClCompile Include="CMUgraphicsLib\windowinput.cpp">
      <Filter>CMUgrahpics Library</Filter>
    </ClCompile>
    <ClCompile Include="Components\OutputPin.cpp">
      <Filter>Components</Filter>
    </ClCompile>
    <ClCompile Include="Components\Pin.cpp">
      <Filter>Components</Filter>
    </ClCompile>
    <ClCompile Include="UI\UI.cpp">
      <Filter>UI</Filter>
    </ClCompile>
    <ClCompile Include="main.cpp" />
    <ClCompile Include="Actions\AddBUFF1.cpp">
      <Filter>Actions</Filter>
    </ClCompile>
    <ClCompile Include="Actions\AddINV1.cpp">
      <Filter>Actions</Filter>
    </ClCompile>
    <ClCompile Include="Actions\AddLed.cpp">
      <Filter>Actions</Filter>
    </ClCompile>
    <ClCompile Include="Actions\AddNANDgate2.cpp">
      <Filter>Actions</Filter>
    </ClCompile>
    <ClCompile Include="Actions\AddNORgate2.cpp">
      <Filter>Actions</Filter>
    </ClCompile>
    <ClCompile Include="Actions\AddORgate2.cpp">
      <Filter>Actions</Filter>
    </ClCompile>
    <ClCompile Include="Actions\AddSwitch.cpp">
      <Filter>Actions</Filter>
    </ClCompile>
    <ClCompile Include="Actions\AddXNORgate2.cpp">
      <Filter>Actions</Filter>
    </ClCompile>
    <ClCompile Include="Actions\AddXORgate2.cpp">
      <Filter>Actions</Filter>
    </ClCompile>
    <ClCompile Include="Actions\Load.cpp">
      <Filter>Actions</Filter>
    </ClCompile>
    <ClCompile Include="Components\BUFF1.cpp">
      <Filter>Components</Filter>
    </ClCompile>
    <ClCompile Include="Components\INV1.cpp">
      <Filter>Components</Filter>
    </ClCompile>
    <ClCompile Include="Components\Led.cpp">
      <Filter>Components</Filter>
    </ClCompile>
    <ClCompile Include="Components\NAND2.cpp">
      <Filter>Components</Filter>
    </ClCompile>
    <ClCompile Include="Components\NOR2.cpp">
      <Filter>Components</Filter>
    </ClCompile>
    <ClCompile Include="Components\OR2.cpp">
      <Filter>Components</Filter>
    </ClCompile>
    <ClCompile Include="Components\Switch.cpp">
      <Filter>Components</Filter>
    </ClCompile>
    <ClCompile Include="Components\XNOR2.cpp">
      <Filter>Components</Filter>
    </ClCompile>
    <ClCompile Include="Components\XOR2.cpp">
      <Filter>Components</Filter>
    </ClCompile>
    <ClCompile Include="Actions\AddConnection.cpp">
      <Filter>Actions</Filter>
    </ClCompile>
    <ClCompile Include="Actions\Save.cpp">
      <Filter>Actions</Filter>
    </ClCompile>
    <ClCompile Include="Actions\ActionSelect.cpp">
      <Filter>Actions</Filter>
    </ClCompile>
    <ClCompile Include="Actions\EditLabel.cpp">
      <Filter>Actions</Filter>
    </ClCompile>
    <ClCompile Include="Actions\ActionExit.cpp">
      <Filter>Actions</Filter>
    </ClCompile>
    <ClCompile Include="Actions\ActionCopy.cpp">
      <Filter>Actions</Filter>
    </ClCompile>
    <ClCompile Include="Actions\ActionCut.cpp">
      <Filter>Actions</Filter>
    </ClCompile>
    <ClCompile Include="Actions\ActionPaste.cpp">
      <Filter>Actions</Filter>
    </ClCompile>
    <ClCompile Include="Actions\ActionDelete.cpp">
      <Filter>Actions</Filter>
    </ClCompile>
    <ClCompile Include="Actions\ActionMove.cpp">
      <Filter>Actions</Filter>
    </ClCompile>
    <ClCompile Include="Actions\ActionMultibleSelect.cpp">
      <Filter>Actions</Filter>
    </ClCompile>
    <ClCompile Include="Actions\SelectConnection.cpp">
      <Filter>Actions</Filter>
    </ClCompile>
    <ClCompile Include="Actions\RunSimulation.cpp">
      <Filter>Actions</Filter>
    </ClCompile>
    <ClCompile Include="Actions\SwitchModes.cpp">
      <Filter>Actions</Filter>
    </ClCompile>
    <ClCompile Include="Actions\Truth.cpp">
      <Filter>Actions</Filter>
    </ClCompile>
    <ClCompile Include="Actions\ActionSwitch.cpp">
      <Filter>Actions</Filter>
    </ClCompile>
    <ClCompile Include="Actions\AddModule.cpp">
      <Filter>Actions</Filter>
    </ClCompile>
    <ClCompile Include="Components\Module.cpp">
      <Filter>Components</Filter>
    </ClCompile>
  </ItemGroup>
  <ItemGroup>
    <None Include="ClassDiagram1.cd" />
  </ItemGroup>
  <ItemGroup>
    <Text Include="File_2_read.txt" />
  </ItemGroup>
</Project>